Microsoft Visual Studio Solution File, Format Version 12.00
# Visual Studio Version 17
VisualStudioVersion = 17.0.31903.59
MinimumVisualStudioVersion = 10.0.40219.1
Project("{FAE04EC0-301F-11D3-BF4B-00C04F79EFBC}") = "Pucky.Core", "src\Pucky.Core\Pucky.Core.csproj", "{370EE848-0C7C-42CD-A222-5AC1AB368BF8}"
EndProject
Project("{FAE04EC0-301F-11D3-BF4B-00C04F79EFBC}") = "Pucky.App", "src\Pucky.App\Pucky.App.csproj", "{49845406-86E9-4D8B-879D-82BFF6B8AA27}"
EndProject
Project("{FAE04EC0-301F-11D3-BF4B-00C04F79EFBC}") = "Pucky.Tests", "tests\Pucky.Tests\Pucky.Tests.csproj", "{A9932BC5-BFFB-45D2-A07A-2B8B0059FE11}"
EndProject
Global
	GlobalSection(SolutionConfigurationPlatforms) = preSolution
		Debug|Any CPU = Debug|Any CPU
		Release|Any CPU = Release|Any CPU
	EndGlobalSection
	GlobalSection(ProjectConfigurationPlatforms) = postSolution
		{370EE848-0C7C-42CD-A222-5AC1AB368BF8}.Debug|Any CPU.ActiveCfg = Debug|Any CPU
		{370EE848-0C7C-42CD-A222-5AC1AB368BF8}.Debug|Any CPU.Build.0 = Debug|Any CPU
		{370EE848-0C7C-42CD-A222-5AC1AB368BF8}.Release|Any CPU.ActiveCfg = Release|Any CPU
		{370EE848-0C7C-42CD-A222-5AC1AB368BF8}.Release|Any CPU.Build.0 = Release|Any CPU
		{49845406-86E9-4D8B-879D-82BFF6B8AA27}.Debug|Any CPU.ActiveCfg = Debug|Any CPU
		{49845406-86E9-4D8B-879D-82BFF6B8AA27}.Debug|Any CPU.Build.0 = Debug|Any CPU
		{49845406-86E9-4D8B-879D-82BFF6B8AA27}.Release|Any CPU.ActiveCfg = Release|Any CPU
		{49845406-86E9-4D8B-879D-82BFF6B8AA27}.Release|Any CPU.Build.0 = Release|Any CPU
		{A9932BC5-BFFB-45D2-A07A-2B8B0059FE11}.Debug|Any CPU.ActiveCfg = Debug|Any CPU
		{A9932BC5-BFFB-45D2-A07A-2B8B0059FE11}.Debug|Any CPU.Build.0 = Debug|Any CPU
		{A9932BC5-BFFB-45D2-A07A-2B8B0059FE11}.Release|Any CPU.ActiveCfg = Release|Any CPU
		{A9932BC5-BFFB-45D2-A07A-2B8B0059FE11}.Release|Any CPU.Build.0 = Release|Any CPU
	EndGlobalSection
EndGlobal
